
Microsoft Visual Studio Solution File, Format Version 12.00
# Visual Studio Version 17
VisualStudioVersion = 17.9.34728.123
MinimumVisualStudioVersion = 10.0.40219.1
Project("{FAE04EC0-301F-11D3-BF4B-00C04F79EFBC}") = "Ex03.GarageLogic", "Ex03.GarageLogic\Ex03.GarageLogic.csproj", "{E44A3B3A-0EF4-4058-91C3-E7371323F79E}"
EndProject
Project("{FAE04EC0-301F-11D3-BF4B-00C04F79EFBC}") = "Ex03.ConsoleUI", "Ex03.ConsoleUI\Ex03.ConsoleUI.csproj", "{84F54E40-B68C-4F3F-B6AC-D62E403F262B}"
EndProject
Global
	GlobalSection(SolutionConfigurationPlatforms) = preSolution
		Debug|Any CPU = Debug|Any CPU
		Release|Any CPU = Release|Any CPU
	EndGlobalSection
	GlobalSection(ProjectConfigurationPlatforms) = postSolution
		{E44A3B3A-0EF4-4058-91C3-E7371323F79E}.Debug|Any CPU.ActiveCfg = Debug|Any CPU
		{E44A3B3A-0EF4-4058-91C3-E7371323F79E}.Debug|Any CPU.Build.0 = Debug|Any CPU
		{E44A3B3A-0EF4-4058-91C3-E7371323F79E}.Release|Any CPU.ActiveCfg = Release|Any CPU
		{E44A3B3A-0EF4-4058-91C3-E7371323F79E}.Release|Any CPU.Build.0 = Release|Any CPU
		{84F54E40-B68C-4F3F-B6AC-D62E403F262B}.Debug|Any CPU.ActiveCfg = Debug|Any CPU
		{84F54E40-B68C-4F3F-B6AC-D62E403F262B}.Debug|Any CPU.Build.0 = Debug|Any CPU
		{84F54E40-B68C-4F3F-B6AC-D62E403F262B}.Release|Any CPU.ActiveCfg = Release|Any CPU
		{84F54E40-B68C-4F3F-B6AC-D62E403F262B}.Release|Any CPU.Build.0 = Release|Any CPU
	EndGlobalSection
	GlobalSection(SolutionProperties) = preSolution
		HideSolutionNode = FALSE
	EndGlobalSection
	GlobalSection(ExtensibilityGlobals) = postSolution
		SolutionGuid = {E5FCB095-3260-49E9-BBD3-6CFC581526B9}
	EndGlobalSection
EndGlobal
